github.com/PuerkitoBio/goquery v1.5.1/go.mod h1:GsLWisAFVj4WgDibEWF4pvYnkVQBpKBKeU+7zCJoLcc=
github.com/andybalholm/cascadia v1.1.0/go.mod h1:GsXiBklL0woXo1j/WYWtSYYC4ouU9PqHO0sqidkEA4Y=
github.com/eatmoreapple/openwechat v1.4.1 h1:hIVEr2Xaj+r1SXzdTigqhIXiuu6TZd+NPWdEVVt/qeM=
github.com/eatmoreapple/openwechat v1.4.1/go.mod h1:ZxMcq7IpVWVU9JG7ERjExnm5M8/AQ6yZTtX30K3rwRQ=
github.com/fsnotify/fsnotify v1.4.7/go.mod h1:jwhsz4b93w/PPRr/qN1Yymfu8t87LnFCMoQvtojpjFo=
github.com/go-rod/rod v0.112.6 h1:zMirUmhsBeshMWyf285BD0UGtGq54HfThLDGSjcP3lU=
github.com/go-rod/rod v0.112.6/go.mod h1:ElViL9ABbcshNQw93+11FrYRH92RRhMKleuILo6+5V0=
github.com/golang/protobuf v1.2.0/go.mod h1:6lQm79b+lXiMfvg/cZm0SGofjICqVBUtrP5yJMmIC1U=
github.com/golang/snappy v0.0.0-20180518054509-2e65f85255db h1:woRePGFeVFfLKN/pOkfl+p/TAqKOfFu+7KPlMVpok/w=
github.com/golang/snappy v0.0.0-20180518054509-2e65f85255db/go.mod h1:/XxbfmMg8lxefKM7IXC3fBNl/7bRcc72aCRzEWrmP2Q=
github.com/gomarkdown/markdown v0.0.0-20230313173142-2ced44d5b584 h1:XaUmlCIi5hEY5GPUV6oXc5eytg9+FBH9/9fOKblHWEU=
github.com/gomarkdown/markdown v0.0.0-20230313173142-2ced44d5b584/go.mod h1:JDGcbDT52eL4fju3sZ4TeHGsQwhG9nbDV21aMyhwPoA=
github.com/hpcloud/tail v1.0.0 h1:nfCOvKYfkgYP8hkirhJocXT2+zOD8yUNjXaWfTlyFKI=
github.com/hpcloud/tail v1.0.0/go.mod h1:ab1qPbhIpdTxEkNHXyeSf5vhxWSCs/tWer42PpOxQnU=
github.com/joho/godotenv v1.5.1 h1:7eLL/+HRGLY0ldzfGMeQkb7vMd0as4CfYvUVzLqw0N0=
github.com/joho/godotenv v1.5.1/go.mod h1:f4LDr5Voq0i2e/R5DDNOoa2zzDfwtkZa6DnEwAbqwq4=
github.com/onsi/ginkgo v1.6.0/go.mod h1:lLunBs/Ym6LB5Z9jYTR76FiuTmxDTDusOGeTQH+WWjE=
github.com/onsi/ginkgo v1.7.0 h1:WSHQ+IS43OoUrWtD1/bbclrwK8TTH5hzp+umCiuxHgs=
github.com/onsi/ginkgo v1.7.0/go.mod h1:lLunBs/Ym6LB5Z9jYTR76FiuTmxDTDusOGeTQH+WWjE=
github.com/onsi/gomega v1.4.3 h1:RE1xgDvH7imwFD45h+u2SgIfERHlS2yNG4DObb5BSKU=
github.com/onsi/gomega v1.4.3/go.mod h1:ex+gbHU/CVuBBDIJjb2X0qEXbFg53c61hWP/1CpauHY=
github.com/orcaman/concurrent-map/v2 v2.0.1 h1:jOJ5Pg2w1oeB6PeDurIYf6k9PQ+aTITr/6lP/L/zp6c=
github.com/orcaman/concurrent-map/v2 v2.0.1/go.mod h1:9Eq3TG2oBe5FirmYWQfYO5iH1q0Jv47PLaNK++uCdOM=
github.com/safiir/go-sqlcipher v0.0.0-20200727080346-d681773ef093 h1:/bGEDB9XgUsLbJMGsWR3BJVwMY1rPtQR+sDlgbJwx9Y=
github.com/safiir/go-sqlcipher v0.0.0-20200727080346-d681773ef093/go.mod h1:aZ06jyRpOCqbZdcLUsn8agGfXzlKkHbQp/CjwRKwxSQ=
github.com/safiir/go-sqlcipher v0.0.0-20230326101051-abf681aaa980 h1:KMc7vOC+lEGfKnwwsxnwKp7Vf6lj2UF5KM5GzqF870A=
github.com/safiir/go-sqlcipher v0.0.0-20230326101051-abf681aaa980/go.mod h1:aZ06jyRpOCqbZdcLUsn8agGfXzlKkHbQp/CjwRKwxSQ=
github.com/samber/lo v1.37.0 h1:XjVcB8g6tgUp8rsPsJ2CvhClfImrpL04YpQHXeHPhRw=
github.com/samber/lo v1.37.0/go.mod h1:9vaz2O4o8oOnK23pd2TrXufcbdbJIa3b6cstBWKpopA=
github.com/sashabaranov/go-openai v1.5.2 h1:Gtn5HZEL25//rDDLEX+Anw5FI8TUC6gqIeM9BDBOO18=
github.com/sashabaranov/go-openai v1.5.2/go.mod h1:lj5b/K+zjTSFxVLijLSTDZuP7adOgerWeFyZLUhAKRg=
github.com/syndtr/goleveldb v1.0.0 h1:fBdIW9lB4Iz0n9khmH8w27SJ3QEJ7+IgjPEwGSZiFdE=
github.com/syndtr/goleveldb v1.0.0/go.mod h1:ZVVdQEZoIme9iO1Ch2Jdy24qqXrMMOU6lpPAyBWyWuQ=
github.com/xeodou/go-sqlcipher v0.0.0-20170203080757-cc625710e0ee h1:9Voz5BymabN7r6zxovlwVW0+mKE86BaUlK1TCH0cUec=
github.com/xeodou/go-sqlcipher v0.0.0-20170203080757-cc625710e0ee/go.mod h1:vxgnuyTPQm6z5pRcHDe/jkd/XzIfvBplp1FGWcUvGus=
github.com/xeodou/go-sqlcipher v0.0.0-20170304154652-5b1175ef066f h1:zCTfmB81zNKUvDS7SeMgvtbEJMShq4NfdnCH7wj+uS8=
github.com/xeodou/go-sqlcipher v0.0.0-20170304154652-5b1175ef066f/go.mod h1:vxgnuyTPQm6z5pRcHDe/jkd/XzIfvBplp1FGWcUvGus=
github.com/xeodou/go-sqlcipher v0.0.0-20170305140206-eac1dfa2a61e h1:hmKtbzUdoFcfu8gkKGdfhbijYYYlv0snPObkmE+GOhk=
github.com/xeodou/go-sqlcipher v0.0.0-20170305140206-eac1dfa2a61e/go.mod h1:vxgnuyTPQm6z5pRcHDe/jkd/XzIfvBplp1FGWcUvGus=
github.com/xeodou/go-sqlcipher v0.0.0-20170614132240-3fa7ed217682 h1:6DJC44EQM7mP2uztnCL8phFwS8biDf1vM25A6tWuEFo=
github.com/xeodou/go-sqlcipher v0.0.0-20170614132240-3fa7ed217682/go.mod h1:vxgnuyTPQm6z5pRcHDe/jkd/XzIfvBplp1FGWcUvGus=
github.com/xeodou/go-sqlcipher v0.0.0-20180207104710-a9601262cefa h1:i6mNEsZmgsPkHn1QJ2os5LXaewfz7dErO7W5mZOOvzo=
github.com/xeodou/go-sqlcipher v0.0.0-20180207104710-a9601262cefa/go.mod h1:vxgnuyTPQm6z5pRcHDe/jkd/XzIfvBplp1FGWcUvGus=
github.com/xeodou/go-sqlcipher v0.0.0-20190104145545-1688b64fb76a h1:rbnkj3q4DKjueFJrZOQuhjdbrDyZTalJ4qhvfjHXnrw=
github.com/xeodou/go-sqlcipher v0.0.0-20190104145545-1688b64fb76a/go.mod h1:vxgnuyTPQm6z5pRcHDe/jkd/XzIfvBplp1FGWcUvGus=
github.com/xeodou/go-sqlcipher v0.0.0-20200727080346-d681773ef093 h1:B6yl+jqs5t4C27I16+t1gn28lPlZgjLGxZehsK+jFfA=
github.com/xeodou/go-sqlcipher v0.0.0-20200727080346-d681773ef093/go.mod h1:aZ06jyRpOCqbZdcLUsn8agGfXzlKkHbQp/CjwRKwxSQ=
github.com/ysmood/goob v0.4.0 h1:HsxXhyLBeGzWXnqVKtmT9qM7EuVs/XOgkX7T6r1o1AQ=
github.com/ysmood/goob v0.4.0/go.mod h1:u6yx7ZhS4Exf2MwciFr6nIM8knHQIE22lFpWHnfql18=
github.com/ysmood/got v0.32.0 h1:aAHdQgfgMb/lo4v+OekM+SSqEJYFI035h5YYvLXsVyU=
github.com/ysmood/got v0.32.0/go.mod h1:pE1l4LOwOBhQg6A/8IAatkGp7uZjnalzrZolnlhhMgY=
github.com/ysmood/gotrace v0.6.0 h1:SyI1d4jclswLhg7SWTL6os3L1WOKeNn/ZtzVQF8QmdY=
github.com/ysmood/gotrace v0.6.0/go.mod h1:TzhIG7nHDry5//eYZDYcTzuJLYQIkykJzCRIo4/dzQM=
github.com/ysmood/gson v0.7.3 h1:QFkWbTH8MxyUTKPkVWAENJhxqdBa4lYTQWqZCiLG6kE=
github.com/ysmood/gson v0.7.3/go.mod h1:3Kzs5zDl21g5F/BlLTNcuAGAYLKt2lV5G8D1zF3RNmg=
github.com/ysmood/leakless v0.8.0 h1:BzLrVoiwxikpgEQR0Lk8NyBN5Cit2b1z+u0mgL4ZJak=
github.com/ysmood/leakless v0.8.0/go.mod h1:R8iAXPRaG97QJwqxs74RdwzcRHT1SWCGTNqY8q0JvMQ=
golang.org/x/crypto v0.0.0-20190308221718-c2843e01d9a2/go.mod h1:djNgcEr1/C05ACkg1iLfiJU5Ep61QUkGW8qpdssI0+w=
golang.org/x/exp v0.0.0-20220303212507-bbda1eaf7a17 h1:3MTrJm4PyNL9NBqvYDSj3DHl46qQakyfqfWo4jgfaEM=
golang.org/x/exp v0.0.0-20220303212507-bbda1eaf7a17/go.mod h1:lgLbSvA5ygNOMpwM/9anMpWVlVJ7Z+cHWq/eFuinpGE=
golang.org/x/net v0.0.0-20180218175443-cbe0f9307d01/go.mod h1:mL1N/T3taQHkDXs73rZJwtUhF3w3ftmwwsq0BUmARs4=
golang.org/x/net v0.0.0-20180906233101-161cd47e91fd h1:nTDtHvHSdCn1m6ITfMRqtOd/9+7a3s8RBNOZ3eYZzJA=
golang.org/x/net v0.0.0-20180906233101-161cd47e91fd/go.mod h1:mL1N/T3taQHkDXs73rZJwtUhF3w3ftmwwsq0BUmARs4=
golang.org/x/net v0.0.0-20200202094626-16171245cfb2/go.mod h1:z5CRVTTTmAJ677TzLLGU+0bjPO0LkuOLi4/5GtJWs/s=
golang.org/x/net v0.0.0-20200324143707-d3edc9973b7e h1:3G+cUijn7XD+S4eJFddp53Pv7+slrESplyjG25HgL+k=
golang.org/x/net v0.0.0-20200324143707-d3edc9973b7e/go.mod h1:qpuaurCH72eLCgpAm/N6yyVIVM9cpaDIP3A8BGJEC5A=
golang.org/x/sync v0.0.0-20180314180146-1d60e4601c6f/go.mod h1:RxMgew5VJxzue5/jJTE5uejpjVlOe/izrB70Jof72aM=
golang.org/x/sys v0.0.0-20180909124046-d0be0721c37e/go.mod h1:STP8DvDyc/dI5b8T5hshtkjS+E42TnysNCUPdjciGhY=
golang.org/x/sys v0.0.0-20190215142949-d0b11bdaac8a/go.mod h1:STP8DvDyc/dI5b8T5hshtkjS+E42TnysNCUPdjciGhY=
golang.org/x/sys v0.0.0-20200323222414-85ca7c5b95cd/go.mod h1:h1NjWce9XRLGQEsW7wpKNCjG9DtNlClVuFLEZdDNbEs=
golang.org/x/sys v0.0.0-20211019181941-9d821ace8654 h1:id054HUawV2/6IGm2IV8KZQjqtwAOo2CYlOToYqa0d0=
golang.org/x/text v0.3.0 h1:g61tztE5qeGQ89tm6NTjjM9VPIm088od1l6aSorWRWg=
golang.org/x/text v0.3.0/go.mod h1:NqM8EUOU14njkJ3fqMW+pc6Ldnwhi/IjpwHt7yyuwOQ=
gopkg.in/check.v1 v0.0.0-20161208181325-20d25e280405/go.mod h1:Co6ibVJAznAaIkqp8huTwlJQCZ016jof/cbN4VW5Yz0=
gopkg.in/fsnotify.v1 v1.4.7 h1:xOHLXZwVvI9hhs+cLKq5+I5onOuwQLhQwiu63xxlHs4=
gopkg.in/fsnotify.v1 v1.4.7/go.mod h1:Tz8NjZHkW78fSQdbUxIjBTcgA1z1m8ZHf0WmKUhAMys=
gopkg.in/tomb.v1 v1.0.0-20141024135613-dd632973f1e7 h1:uRGJdciOHaEIrze2W8Q3AKkepLTh2hOroT7a+7czfdQ=
gopkg.in/tomb.v1 v1.0.0-20141024135613-dd632973f1e7/go.mod h1:dt/ZhP58zS4L8KSrWDmTeBkI65Dw0HsyUHuEVlX15mw=
gopkg.in/yaml.v2 v2.2.1/go.mod h1:hI93XBmqTisBFMUTm0b8Fm+jr3Dg1NNxqwp+5A1VGuI=
gopkg.in/yaml.v2 v2.2.8 h1:obN1ZagJSUGI0Ek/LBmuj4SNLPfIny3KsKFopxRdj10=
gopkg.in/yaml.v2 v2.2.8/go.mod h1:hI93XBmqTisBFMUTm0b8Fm+jr3Dg1NNxqwp+5A1VGuI=
