github.com/eatmoreapple/openwechat v1.4.1 h1:hIVEr2Xaj+r1SXzdTigqhIXiuu6TZd+NPWdEVVt/qeM=
github.com/eatmoreapple/openwechat v1.4.1/go.mod h1:ZxMcq7IpVWVU9JG7ERjExnm5M8/AQ6yZTtX30K3rwRQ=
github.com/joho/godotenv v1.5.1 h1:7eLL/+HRGLY0ldzfGMeQkb7vMd0as4CfYvUVzLqw0N0=
github.com/joho/godotenv v1.5.1/go.mod h1:f4LDr5Voq0i2e/R5DDNOoa2zzDfwtkZa6DnEwAbqwq4=
github.com/samber/lo v1.37.0 h1:XjVcB8g6tgUp8rsPsJ2CvhClfImrpL04YpQHXeHPhRw=
github.com/samber/lo v1.37.0/go.mod h1:9vaz2O4o8oOnK23pd2TrXufcbdbJIa3b6cstBWKpopA=
github.com/sashabaranov/go-openai v1.5.2 h1:Gtn5HZEL25//rDDLEX+Anw5FI8TUC6gqIeM9BDBOO18=
github.com/sashabaranov/go-openai v1.5.2/go.mod h1:lj5b/K+zjTSFxVLijLSTDZuP7adOgerWeFyZLUhAKRg=
golang.org/x/exp v0.0.0-20220303212507-bbda1eaf7a17 h1:3MTrJm4PyNL9NBqvYDSj3DHl46qQakyfqfWo4jgfaEM=
golang.org/x/exp v0.0.0-20220303212507-bbda1eaf7a17/go.mod h1:lgLbSvA5ygNOMpwM/9anMpWVlVJ7Z+cHWq/eFuinpGE=
